github.com/ajankovic/xdiff v0.0.1 h1:V1cj8t5xwYzm6ZGPqPOlAc9AIajXuTEn41D/1MJBWMM=
github.com/ajankovic/xdiff v0.0.1/go.mod h1:SUmEZ67uB97I0zkiuQ+lb+LOms9ipn8X+p+2RdJV710=
github.com/imdario/mergo v0.3.11 h1:3tnifQM4i+fbajXKBHXWEH+KvNHqojZ778UH75j3bGA=
github.com/imdario/mergo v0.3.11/go.mod h1:jmQim1M+e3UYxmgPu/WyfjB3N3VflVyUjjjwH0dnCYA=
github.com/pdok/ogc-specifications v0.1.6 h1:4QohaoYIQDKvDc4K3dthigrpRmcUyJ5PSluf/py+vgw=
github.com/pdok/ogc-specifications v0.1.6/go.mod h1:lwr0Kt/FupJtg6mPruI4CjV5VYQJU+YCmJtcz4db5XE=
github.com/pdok/ogc-specifications v0.1.7 h1:P734umUng0DwqZO9eDdsNXCLnT6fWZ0jl4oZkAXi6Xg=
github.com/pdok/ogc-specifications v0.1.7/go.mod h1:lwr0Kt/FupJtg6mPruI4CjV5VYQJU+YCmJtcz4db5XE=
gopkg.in/check.v1 v0.0.0-20161208181325-20d25e280405 h1:yhCVgyC4o1eVCa2tZl7eS0r+SDo693bJlVdllGtEeKM=
gopkg.in/check.v1 v0.0.0-20161208181325-20d25e280405/go.mod h1:Co6ibVJAznAaIkqp8huTwlJQCZ016jof/cbN4VW5Yz0=
gopkg.in/yaml.v2 v2.3.0 h1:clyUAQHOM3G0M3f5vQj7LuJrETvjVot3Z5el9nffUtU=
gopkg.in/yaml.v2 v2.3.0/go.mod h1:hI93XBmqTisBFMUTm0b8Fm+jr3Dg1NNxqwp+5A1VGuI=
gopkg.in/yaml.v3 v3.0.0-20210107192922-496545a6307b h1:h8qDotaEPuJATrMmW04NCwg7v22aHH28wwpauUhK9Oo=
gopkg.in/yaml.v3 v3.0.0-20210107192922-496545a6307b/go.mod h1:K4uyk7z7BCEPqu6E+C64Yfv1cQ7kz7rIZviUmN+EgEM=
