github.com/imdario/mergo v0.3.11 h1:3tnifQM4i+fbajXKBHXWEH+KvNHqojZ778UH75j3bGA=
github.com/imdario/mergo v0.3.11/go.mod h1:jmQim1M+e3UYxmgPu/WyfjB3N3VflVyUjjjwH0dnCYA=
github.com/pdok/ogc-specifications v0.1.5-0.20200814120537-1774fafda490 h1:tX2smSM8yAErjD6KoYvtaq1/RlOCwbCx1p2Z3MKejKk=
github.com/pdok/ogc-specifications v0.1.5-0.20200814120537-1774fafda490/go.mod h1:lwr0Kt/FupJtg6mPruI4CjV5VYQJU+YCmJtcz4db5XE=
github.com/pdok/ogc-specifications v0.1.5-0.20200814121611-d8d412dac285 h1:9iZ8nqrRJJncoRY2WLwn7fj+y89w8YWgZaa5T5ojEQM=
github.com/pdok/ogc-specifications v0.1.5-0.20200814121611-d8d412dac285/go.mod h1:lwr0Kt/FupJtg6mPruI4CjV5VYQJU+YCmJtcz4db5XE=
gopkg.in/check.v1 v0.0.0-20161208181325-20d25e280405 h1:yhCVgyC4o1eVCa2tZl7eS0r+SDo693bJlVdllGtEeKM=
gopkg.in/check.v1 v0.0.0-20161208181325-20d25e280405/go.mod h1:Co6ibVJAznAaIkqp8huTwlJQCZ016jof/cbN4VW5Yz0=
gopkg.in/yaml.v2 v2.3.0 h1:clyUAQHOM3G0M3f5vQj7LuJrETvjVot3Z5el9nffUtU=
gopkg.in/yaml.v2 v2.3.0/go.mod h1:hI93XBmqTisBFMUTm0b8Fm+jr3Dg1NNxqwp+5A1VGuI=
